
Microsoft Visual Studio Solution File, Format Version 12.00
# Visual Studio Version 17
VisualStudioVersion = 17.11.35327.3
MinimumVisualStudioVersion = 10.0.40219.1
Project("{9A19103F-16F7-4668-BE54-9A1E7A4F7556}") = "WFInicial", "WFInicial\WFInicial.csproj", "{DF830830-6D4B-4438-8EBE-D192DFA4FBC1}"
EndProject
Project("{9A19103F-16F7-4668-BE54-9A1E7A4F7556}") = "CEx1", "ConsoleRevisaoAula\CEx1.csproj", "{316D4E1A-FB8A-497A-ABB7-2109E386EBD0}"
EndProject
Project("{9A19103F-16F7-4668-BE54-9A1E7A4F7556}") = "CEx2", "CEx2\CEx2.csproj", "{FE2CA76B-958F-4B80-A027-4DE0E00D299C}"
EndProject
Project("{9A19103F-16F7-4668-BE54-9A1E7A4F7556}") = "CEx3", "CEx3\CEx3.csproj", "{0D5DDA28-9AA3-4EE3-91A5-67B3B4A723B1}"
EndProject
Project("{FAE04EC0-301F-11D3-BF4B-00C04F79EFBC}") = "CEx4", "CEx4\CEx4.csproj", "{BB1EBCEF-92C1-4304-925F-C820F0DD45E9}"
EndProject
Project("{FAE04EC0-301F-11D3-BF4B-00C04F79EFBC}") = "CEx5", "CEx5\CEx5.csproj", "{8F9A989E-635C-4066-97A0-AFC5F8F18B5C}"
EndProject
Project("{FAE04EC0-301F-11D3-BF4B-00C04F79EFBC}") = "CEx6", "CEx6\CEx6.csproj", "{18EA1A1C-845E-4678-A059-96AFE2F4C096}"
EndProject
Project("{FAE04EC0-301F-11D3-BF4B-00C04F79EFBC}") = "CEx7", "CEx7\CEx7.csproj", "{96F87FB6-1476-4469-BAED-D48B6D6147E4}"
EndProject
Project("{FAE04EC0-301F-11D3-BF4B-00C04F79EFBC}") = "CEx8", "CEx8\CEx8.csproj", "{8E21A3B0-EBB5-4454-9ECF-AF3CF39B9AB1}"
EndProject
Global
	GlobalSection(SolutionConfigurationPlatforms) = preSolution
		Debug|Any CPU = Debug|Any CPU
		Release|Any CPU = Release|Any CPU
	EndGlobalSection
	GlobalSection(ProjectConfigurationPlatforms) = postSolution
		{DF830830-6D4B-4438-8EBE-D192DFA4FBC1}.Debug|Any CPU.ActiveCfg = Debug|Any CPU
		{DF830830-6D4B-4438-8EBE-D192DFA4FBC1}.Debug|Any CPU.Build.0 = Debug|Any CPU
		{DF830830-6D4B-4438-8EBE-D192DFA4FBC1}.Release|Any CPU.ActiveCfg = Release|Any CPU
		{DF830830-6D4B-4438-8EBE-D192DFA4FBC1}.Release|Any CPU.Build.0 = Release|Any CPU
		{316D4E1A-FB8A-497A-ABB7-2109E386EBD0}.Debug|Any CPU.ActiveCfg = Debug|Any CPU
		{316D4E1A-FB8A-497A-ABB7-2109E386EBD0}.Debug|Any CPU.Build.0 = Debug|Any CPU
		{316D4E1A-FB8A-497A-ABB7-2109E386EBD0}.Release|Any CPU.ActiveCfg = Release|Any CPU
		{316D4E1A-FB8A-497A-ABB7-2109E386EBD0}.Release|Any CPU.Build.0 = Release|Any CPU
		{FE2CA76B-958F-4B80-A027-4DE0E00D299C}.Debug|Any CPU.ActiveCfg = Debug|Any CPU
		{FE2CA76B-958F-4B80-A027-4DE0E00D299C}.Debug|Any CPU.Build.0 = Debug|Any CPU
		{FE2CA76B-958F-4B80-A027-4DE0E00D299C}.Release|Any CPU.ActiveCfg = Release|Any CPU
		{FE2CA76B-958F-4B80-A027-4DE0E00D299C}.Release|Any CPU.Build.0 = Release|Any CPU
		{0D5DDA28-9AA3-4EE3-91A5-67B3B4A723B1}.Debug|Any CPU.ActiveCfg = Debug|Any CPU
		{0D5DDA28-9AA3-4EE3-91A5-67B3B4A723B1}.Debug|Any CPU.Build.0 = Debug|Any CPU
		{0D5DDA28-9AA3-4EE3-91A5-67B3B4A723B1}.Release|Any CPU.ActiveCfg = Release|Any CPU
		{0D5DDA28-9AA3-4EE3-91A5-67B3B4A723B1}.Release|Any CPU.Build.0 = Release|Any CPU
		{BB1EBCEF-92C1-4304-925F-C820F0DD45E9}.Debug|Any CPU.ActiveCfg = Debug|Any CPU
		{BB1EBCEF-92C1-4304-925F-C820F0DD45E9}.Debug|Any CPU.Build.0 = Debug|Any CPU
		{BB1EBCEF-92C1-4304-925F-C820F0DD45E9}.Release|Any CPU.ActiveCfg = Release|Any CPU
		{BB1EBCEF-92C1-4304-925F-C820F0DD45E9}.Release|Any CPU.Build.0 = Release|Any CPU
		{8F9A989E-635C-4066-97A0-AFC5F8F18B5C}.Debug|Any CPU.ActiveCfg = Debug|Any CPU
		{8F9A989E-635C-4066-97A0-AFC5F8F18B5C}.Debug|Any CPU.Build.0 = Debug|Any CPU
		{8F9A989E-635C-4066-97A0-AFC5F8F18B5C}.Release|Any CPU.ActiveCfg = Release|Any CPU
		{8F9A989E-635C-4066-97A0-AFC5F8F18B5C}.Release|Any CPU.Build.0 = Release|Any CPU
		{18EA1A1C-845E-4678-A059-96AFE2F4C096}.Debug|Any CPU.ActiveCfg = Debug|Any CPU
		{18EA1A1C-845E-4678-A059-96AFE2F4C096}.Debug|Any CPU.Build.0 = Debug|Any CPU
		{18EA1A1C-845E-4678-A059-96AFE2F4C096}.Release|Any CPU.ActiveCfg = Release|Any CPU
		{18EA1A1C-845E-4678-A059-96AFE2F4C096}.Release|Any CPU.Build.0 = Release|Any CPU
		{96F87FB6-1476-4469-BAED-D48B6D6147E4}.Debug|Any CPU.ActiveCfg = Debug|Any CPU
		{96F87FB6-1476-4469-BAED-D48B6D6147E4}.Debug|Any CPU.Build.0 = Debug|Any CPU
		{96F87FB6-1476-4469-BAED-D48B6D6147E4}.Release|Any CPU.ActiveCfg = Release|Any CPU
		{96F87FB6-1476-4469-BAED-D48B6D6147E4}.Release|Any CPU.Build.0 = Release|Any CPU
		{8E21A3B0-EBB5-4454-9ECF-AF3CF39B9AB1}.Debug|Any CPU.ActiveCfg = Debug|Any CPU
		{8E21A3B0-EBB5-4454-9ECF-AF3CF39B9AB1}.Debug|Any CPU.Build.0 = Debug|Any CPU
		{8E21A3B0-EBB5-4454-9ECF-AF3CF39B9AB1}.Release|Any CPU.ActiveCfg = Release|Any CPU
		{8E21A3B0-EBB5-4454-9ECF-AF3CF39B9AB1}.Release|Any CPU.Build.0 = Release|Any CPU
	EndGlobalSection
	GlobalSection(SolutionProperties) = preSolution
		HideSolutionNode = FALSE
	EndGlobalSection
	GlobalSection(ExtensibilityGlobals) = postSolution
		SolutionGuid = {7EBB0663-9C61-4443-9151-FEC28D5AF1F9}
	EndGlobalSection
EndGlobal
